
Microsoft Visual Studio Solution File, Format Version 12.00
# Visual Studio Version 17
VisualStudioVersion = 17.4.33213.308
MinimumVisualStudioVersion = 10.0.40219.1
Project("{FAE04EC0-301F-11D3-BF4B-00C04F79EFBC}") = "Eloadas03", "Eloadas03\Eloadas03.csproj", "{79893795-35BC-4F0A-A2B3-5395BB04BB49}"
EndProject
Project("{FAE04EC0-301F-11D3-BF4B-00C04F79EFBC}") = "SwitchCase", "SwitchCase\SwitchCase.csproj", "{DBE60616-4399-483D-9491-0F66C76DDE41}"
EndProject
Global
	GlobalSection(SolutionConfigurationPlatforms) = preSolution
		Debug|Any CPU = Debug|Any CPU
		Release|Any CPU = Release|Any CPU
	EndGlobalSection
	GlobalSection(ProjectConfigurationPlatforms) = postSolution
		{79893795-35BC-4F0A-A2B3-5395BB04BB49}.Debug|Any CPU.ActiveCfg = Debug|Any CPU
		{79893795-35BC-4F0A-A2B3-5395BB04BB49}.Debug|Any CPU.Build.0 = Debug|Any CPU
		{79893795-35BC-4F0A-A2B3-5395BB04BB49}.Release|Any CPU.ActiveCfg = Release|Any CPU
		{79893795-35BC-4F0A-A2B3-5395BB04BB49}.Release|Any CPU.Build.0 = Release|Any CPU
		{DBE60616-4399-483D-9491-0F66C76DDE41}.Debug|Any CPU.ActiveCfg = Debug|Any CPU
		{DBE60616-4399-483D-9491-0F66C76DDE41}.Debug|Any CPU.Build.0 = Debug|Any CPU
		{DBE60616-4399-483D-9491-0F66C76DDE41}.Release|Any CPU.ActiveCfg = Release|Any CPU
		{DBE60616-4399-483D-9491-0F66C76DDE41}.Release|Any CPU.Build.0 = Release|Any CPU
	EndGlobalSection
	GlobalSection(SolutionProperties) = preSolution
		HideSolutionNode = FALSE
	EndGlobalSection
	GlobalSection(ExtensibilityGlobals) = postSolution
		SolutionGuid = {EEA3B86C-2FB7-43D3-B0D8-EFA218B35781}
	EndGlobalSection
EndGlobal
