
Microsoft Visual Studio Solution File, Format Version 12.00
# Visual Studio Version 17
VisualStudioVersion = 17.4.33213.308
MinimumVisualStudioVersion = 10.0.40219.1
Project("{FAE04EC0-301F-11D3-BF4B-00C04F79EFBC}") = "Lista", "Lista\Lista.csproj", "{01D208F8-CC3F-4C4D-A082-59C5A142AB99}"
EndProject
Global
	GlobalSection(SolutionConfigurationPlatforms) = preSolution
		Debug|Any CPU = Debug|Any CPU
		Release|Any CPU = Release|Any CPU
	EndGlobalSection
	GlobalSection(ProjectConfigurationPlatforms) = postSolution
		{01D208F8-CC3F-4C4D-A082-59C5A142AB99}.Debug|Any CPU.ActiveCfg = Debug|Any CPU
		{01D208F8-CC3F-4C4D-A082-59C5A142AB99}.Debug|Any CPU.Build.0 = Debug|Any CPU
		{01D208F8-CC3F-4C4D-A082-59C5A142AB99}.Release|Any CPU.ActiveCfg = Release|Any CPU
		{01D208F8-CC3F-4C4D-A082-59C5A142AB99}.Release|Any CPU.Build.0 = Release|Any CPU
	EndGlobalSection
	GlobalSection(SolutionProperties) = preSolution
		HideSolutionNode = FALSE
	EndGlobalSection
	GlobalSection(ExtensibilityGlobals) = postSolution
		SolutionGuid = {E5775A95-2669-4001-AD6B-37E542F4A41E}
	EndGlobalSection
EndGlobal
