
Microsoft Visual Studio Solution File, Format Version 12.00
# Visual Studio Version 17
VisualStudioVersion = 17.4.33213.308
MinimumVisualStudioVersion = 10.0.40219.1
Project("{FAE04EC0-301F-11D3-BF4B-00C04F79EFBC}") = "Struktura_Struct", "Struktura_Struct\Struktura_Struct.csproj", "{B660E949-8C94-4612-96D1-74BD5361058D}"
EndProject
Project("{FAE04EC0-301F-11D3-BF4B-00C04F79EFBC}") = "StrukturaListabanTarolva", "StrukturaListabanTarolva\StrukturaListabanTarolva.csproj", "{6AA570A4-F02B-4110-8F20-16DCE12357A6}"
EndProject
Global
	GlobalSection(SolutionConfigurationPlatforms) = preSolution
		Debug|Any CPU = Debug|Any CPU
		Release|Any CPU = Release|Any CPU
	EndGlobalSection
	GlobalSection(ProjectConfigurationPlatforms) = postSolution
		{B660E949-8C94-4612-96D1-74BD5361058D}.Debug|Any CPU.ActiveCfg = Debug|Any CPU
		{B660E949-8C94-4612-96D1-74BD5361058D}.Debug|Any CPU.Build.0 = Debug|Any CPU
		{B660E949-8C94-4612-96D1-74BD5361058D}.Release|Any CPU.ActiveCfg = Release|Any CPU
		{B660E949-8C94-4612-96D1-74BD5361058D}.Release|Any CPU.Build.0 = Release|Any CPU
		{6AA570A4-F02B-4110-8F20-16DCE12357A6}.Debug|Any CPU.ActiveCfg = Debug|Any CPU
		{6AA570A4-F02B-4110-8F20-16DCE12357A6}.Debug|Any CPU.Build.0 = Debug|Any CPU
		{6AA570A4-F02B-4110-8F20-16DCE12357A6}.Release|Any CPU.ActiveCfg = Release|Any CPU
		{6AA570A4-F02B-4110-8F20-16DCE12357A6}.Release|Any CPU.Build.0 = Release|Any CPU
	EndGlobalSection
	GlobalSection(SolutionProperties) = preSolution
		HideSolutionNode = FALSE
	EndGlobalSection
	GlobalSection(ExtensibilityGlobals) = postSolution
		SolutionGuid = {E8A0F2DB-1469-47DA-8EE0-6194EC0AB68C}
	EndGlobalSection
EndGlobal
